NeoBundleLock emmet-vim abdf10e91c9227f282bd6e635e491beda6719166
NeoBundleLock typescript-tools 619d879a673e210cf4ad97a40e16421db9ac013e
NeoBundleLock typescript-vim a9c533386776d831f8098e66f2d0b43dfd42b06b
NeoBundleLock unite.vim c57bed02229a80d050c2411dff5f0943e6edf08a
NeoBundleLock vimfiler feaa54e08a62720e5213874849b67fff519a43f4
